// !$*UTF8*$!
{
	archiveVersion = 1;
	classes = {
	};
	objectVersion = 46;
	objects = {

/* Begin PBXBuildFile section */
		E43C5D5B1B996ED200A06171 /* AppDelegate.swift in Sources */ = {isa = PBXBuildFile; fileRef = E43C5D5A1B996ED200A06171 /* AppDelegate.swift */; };
		E43C5D601B996ED200A06171 /* Main.storyboard in Resources */ = {isa = PBXBuildFile; fileRef = E43C5D5E1B996ED200A06171 /* Main.storyboard */; };
		E43C5D621B996ED200A06171 /* Images.xcassets in Resources */ = {isa = PBXBuildFile; fileRef = E43C5D611B996ED200A06171 /* Images.xcassets */; };
		E43C5D651B996ED200A06171 /* LaunchScreen.xib in Resources */ = {isa = PBXBuildFile; fileRef = E43C5D631B996ED200A06171 /* LaunchScreen.xib */; };
		E43C5D711B996ED200A06171 /* BreakoutTests.swift in Sources */ = {isa = PBXBuildFile; fileRef = E43C5D701B996ED200A06171 /* BreakoutTests.swift */; };
		E43C5D7B1B997B1400A06171 /* BreakoutView.swift in Sources */ = {isa = PBXBuildFile; fileRef = E43C5D7A1B997B1400A06171 /* BreakoutView.swift */; };
		E43C5D7D1B997E6800A06171 /* BreakoutViewController.swift in Sources */ = {isa = PBXBuildFile; fileRef = E43C5D7C1B997E6800A06171 /* BreakoutViewController.swift */; };
		E43C5D7F1B9981B800A06171 /* Extensions.swift in Sources */ = {isa = PBXBuildFile; fileRef = E43C5D7E1B9981B800A06171 /* Extensions.swift */; };
		E43C5D811B9982AC00A06171 /* Settings.swift in Sources */ = {isa = PBXBuildFile; fileRef = E43C5D801B9982AC00A06171 /* Settings.swift */; };
		E43C5D851B9983E400A06171 /* PaddleView.swift in Sources */ = {isa = PBXBuildFile; fileRef = E43C5D821B9983E400A06171 /* PaddleView.swift */; };
		E43C5D861B9983E400A06171 /* BallView.swift in Sources */ = {isa = PBXBuildFile; fileRef = E43C5D831B9983E400A06171 /* BallView.swift */; };
		E43C5D871B9983E400A06171 /* BrickView.swift in Sources */ = {isa = PBXBuildFile; fileRef = E43C5D841B9983E400A06171 /* BrickView.swift */; };
		E43C5D8A1B99849100A06171 /* BreakoutBehavior.swift in Sources */ = {isa = PBXBuildFile; fileRef = E43C5D891B99849100A06171 /* BreakoutBehavior.swift */; };
		E43C5D8C1B999C8300A06171 /* Levels.swift in Sources */ = {isa = PBXBuildFile; fileRef = E43C5D8B1B999C8300A06171 /* Levels.swift */; };
		E43C5D8F1B9A13D800A06171 /* SettingsTableViewController.swift in Sources */ = {isa = PBXBuildFile; fileRef = E43C5D8D1B9A13D800A06171 /* SettingsTableViewController.swift */; };
/* End PBXBuildFile section */

/* Begin PBXContainerItemProxy section */
		E43C5D6B1B996ED200A06171 /* PBXContainerItemProxy */ = {
			isa = PBXContainerItemProxy;
			containerPortal = E43C5D4D1B996ED200A06171 /* Project object */;
			proxyType = 1;
			remoteGlobalIDString = E43C5D541B996ED200A06171;
			remoteInfo = Breakout;
		};
/* End PBXContainerItemProxy section */

/* Begin PBXFileReference section */
		E43C5D551B996ED200A06171 /* Breakout.app */ = {isa = PBXFileReference; explicitFileType = wrapper.application; includeInIndex = 0; path = Breakout.app; sourceTree = BUILT_PRODUCTS_DIR; };
		E43C5D591B996ED200A06171 /* Info.plist */ = {isa = PBXFileReference; lastKnownFileType = text.plist.xml; path = Info.plist; sourceTree = "<group>"; };
		E43C5D5A1B996ED200A06171 /* AppDelegate.swift */ = {isa = PBXFileReference; lastKnownFileType = sourcecode.swift; path = AppDelegate.swift; sourceTree = "<group>"; };
		E43C5D5F1B996ED200A06171 /* Base */ = {isa = PBXFileReference; lastKnownFileType = file.storyboard; name = Base; path = Base.lproj/Main.storyboard; sourceTree = "<group>"; };
		E43C5D611B996ED200A06171 /* Images.xcassets */ = {isa = PBXFileReference; lastKnownFileType = folder.assetcatalog; path = Images.xcassets; sourceTree = "<group>"; };
		E43C5D641B996ED200A06171 /* Base */ = {isa = PBXFileReference; lastKnownFileType = file.xib; name = Base; path = Base.lproj/LaunchScreen.xib; sourceTree = "<group>"; };
		E43C5D6A1B996ED200A06171 /* BreakoutTests.xctest */ = {isa = PBXFileReference; explicitFileType = wrapper.cfbundle; includeInIndex = 0; path = BreakoutTests.xctest; sourceTree = BUILT_PRODUCTS_DIR; };
		E43C5D6F1B996ED200A06171 /* Info.plist */ = {isa = PBXFileReference; lastKnownFileType = text.plist.xml; path = Info.plist; sourceTree = "<group>"; };
		E43C5D701B996ED200A06171 /* BreakoutTests.swift */ = {isa = PBXFileReference; lastKnownFileType = sourcecode.swift; path = BreakoutTests.swift; sourceTree = "<group>"; };
		E43C5D7A1B997B1400A06171 /* BreakoutView.swift */ = {isa = PBXFileReference; fileEncoding = 4; lastKnownFileType = sourcecode.swift; path = BreakoutView.swift; sourceTree = "<group>"; };
		E43C5D7C1B997E6800A06171 /* BreakoutViewController.swift */ = {isa = PBXFileReference; fileEncoding = 4; lastKnownFileType = sourcecode.swift; path = BreakoutViewController.swift; sourceTree = "<group>"; };
		E43C5D7E1B9981B800A06171 /* Extensions.swift */ = {isa = PBXFileReference; fileEncoding = 4; lastKnownFileType = sourcecode.swift; path = Extensions.swift; sourceTree = "<group>"; };
		E43C5D801B9982AC00A06171 /* Settings.swift */ = {isa = PBXFileReference; fileEncoding = 4; lastKnownFileType = sourcecode.swift; path = Settings.swift; sourceTree = "<group>"; };
		E43C5D821B9983E400A06171 /* PaddleView.swift */ = {isa = PBXFileReference; fileEncoding = 4; lastKnownFileType = sourcecode.swift; path = PaddleView.swift; sourceTree = "<group>"; };
		E43C5D831B9983E400A06171 /* BallView.swift */ = {isa = PBXFileReference; fileEncoding = 4; lastKnownFileType = sourcecode.swift; path = BallView.swift; sourceTree = "<group>"; };
		E43C5D841B9983E400A06171 /* BrickView.swift */ = {isa = PBXFileReference; fileEncoding = 4; lastKnownFileType = sourcecode.swift; path = BrickView.swift; sourceTree = "<group>"; };
		E43C5D891B99849100A06171 /* BreakoutBehavior.swift */ = {isa = PBXFileReference; fileEncoding = 4; lastKnownFileType = sourcecode.swift; path = BreakoutBehavior.swift; sourceTree = "<group>"; };
		E43C5D8B1B999C8300A06171 /* Levels.swift */ = {isa = PBXFileReference; fileEncoding = 4; lastKnownFileType = sourcecode.swift; path = Levels.swift; sourceTree = "<group>"; };
		E43C5D8D1B9A13D800A06171 /* SettingsTableViewController.swift */ = {isa = PBXFileReference; fileEncoding = 4; lastKnownFileType = sourcecode.swift; path = SettingsTableViewController.swift; sourceTree = "<group>"; };
/* End PBXFileReference section */

/* Begin PBXFrameworksBuildPhase section */
		E43C5D521B996ED200A06171 /* Frameworks */ = {
			isa = PBXFrameworksBuildPhase;
			buildActionMask = 2147483647;
			files = (
			);
			runOnlyForDeploymentPostprocessing = 0;
		};
		E43C5D671B996ED200A06171 /* Frameworks */ = {
			isa = PBXFrameworksBuildPhase;
			buildActionMask = 2147483647;
			files = (
			);
			runOnlyForDeploymentPostprocessing = 0;
		};
/* End PBXFrameworksBuildPhase section */

/* Begin PBXGroup section */
		E43C5D4C1B996ED200A06171 = {
			isa = PBXGroup;
			children = (
				E43C5D571B996ED200A06171 /* Breakout */,
				E43C5D6D1B996ED200A06171 /* BreakoutTests */,
				E43C5D561B996ED200A06171 /* Products */,
			);
			sourceTree = "<group>";
		};
		E43C5D561B996ED200A06171 /* Products */ = {
			isa = PBXGroup;
			children = (
				E43C5D551B996ED200A06171 /* Breakout.app */,
				E43C5D6A1B996ED200A06171 /* BreakoutTests.xctest */,
			);
			name = Products;
			sourceTree = "<group>";
		};
		E43C5D571B996ED200A06171 /* Breakout */ = {
			isa = PBXGroup;
			children = (
				E43C5D5A1B996ED200A06171 /* AppDelegate.swift */,
				E43C5D5E1B996ED200A06171 /* Main.storyboard */,
				E43C5D7C1B997E6800A06171 /* BreakoutViewController.swift */,
				E43C5D7A1B997B1400A06171 /* BreakoutView.swift */,
				E43C5D891B99849100A06171 /* BreakoutBehavior.swift */,
				E43C5D7E1B9981B800A06171 /* Extensions.swift */,
				E43C5D911B9A13E000A06171 /* Setting */,
				E43C5D881B9983F000A06171 /* Views */,
				E43C5D611B996ED200A06171 /* Images.xcassets */,
				E43C5D631B996ED200A06171 /* LaunchScreen.xib */,
				E43C5D581B996ED200A06171 /* Supporting Files */,
			);
			path = Breakout;
			sourceTree = "<group>";
		};
		E43C5D581B996ED200A06171 /* Supporting Files */ = {
			isa = PBXGroup;
			children = (
				E43C5D591B996ED200A06171 /* Info.plist */,
			);
			name = "Supporting Files";
			sourceTree = "<group>";
		};
		E43C5D6D1B996ED200A06171 /* BreakoutTests */ = {
			isa = PBXGroup;
			children = (
				E43C5D701B996ED200A06171 /* BreakoutTests.swift */,
				E43C5D6E1B996ED200A06171 /* Supporting Files */,
			);
			path = BreakoutTests;
			sourceTree = "<group>";
		};
		E43C5D6E1B996ED200A06171 /* Supporting Files */ = {
			isa = PBXGroup;
			children = (
				E43C5D6F1B996ED200A06171 /* Info.plist */,
			);
			name = "Supporting Files";
			sourceTree = "<group>";
		};
		E43C5D881B9983F000A06171 /* Views */ = {
			isa = PBXGroup;
			children = (
				E43C5D821B9983E400A06171 /* PaddleView.swift */,
				E43C5D831B9983E400A06171 /* BallView.swift */,
				E43C5D841B9983E400A06171 /* BrickView.swift */,
				E43C5D8B1B999C8300A06171 /* Levels.swift */,
			);
			name = Views;
			sourceTree = "<group>";
		};
		E43C5D911B9A13E000A06171 /* Setting */ = {
			isa = PBXGroup;
			children = (
				E43C5D8D1B9A13D800A06171 /* SettingsTableViewController.swift */,
				E43C5D801B9982AC00A06171 /* Settings.swift */,
			);
			name = Setting;
			sourceTree = "<group>";
		};
/* End PBXGroup section */

/* Begin PBXNativeTarget section */
		E43C5D541B996ED200A06171 /* Breakout */ = {
			isa = PBXNativeTarget;
			buildConfigurationList = E43C5D741B996ED200A06171 /* Build configuration list for PBXNativeTarget "Breakout" */;
			buildPhases = (
				E43C5D511B996ED200A06171 /* Sources */,
				E43C5D521B996ED200A06171 /* Frameworks */,
				E43C5D531B996ED200A06171 /* Resources */,
			);
			buildRules = (
			);
			dependencies = (
			);
			name = Breakout;
			productName = Breakout;
			productReference = E43C5D551B996ED200A06171 /* Breakout.app */;
			productType = "com.apple.product-type.application";
		};
		E43C5D691B996ED200A06171 /* BreakoutTests */ = {
			isa = PBXNativeTarget;
			buildConfigurationList = E43C5D771B996ED200A06171 /* Build configuration list for PBXNativeTarget "BreakoutTests" */;
			buildPhases = (
				E43C5D661B996ED200A06171 /* Sources */,
				E43C5D671B996ED200A06171 /* Frameworks */,
				E43C5D681B996ED200A06171 /* Resources */,
			);
			buildRules = (
			);
			dependencies = (
				E43C5D6C1B996ED200A06171 /* PBXTargetDependency */,
			);
			name = BreakoutTests;
			productName = BreakoutTests;
			productReference = E43C5D6A1B996ED200A06171 /* BreakoutTests.xctest */;
			productType = "com.apple.product-type.bundle.unit-test";
		};
/* End PBXNativeTarget section */

/* Begin PBXProject section */
		E43C5D4D1B996ED200A06171 /* Project object */ = {
			isa = PBXProject;
			attributes = {
				LastSwiftUpdateCheck = 0700;
				LastUpgradeCheck = 0640;
				ORGANIZATIONNAME = "Tatiana Kornilova";
				TargetAttributes = {
					E43C5D541B996ED200A06171 = {
						CreatedOnToolsVersion = 6.4;
					};
					E43C5D691B996ED200A06171 = {
						CreatedOnToolsVersion = 6.4;
						TestTargetID = E43C5D541B996ED200A06171;
					};
				};
			};
			buildConfigurationList = E43C5D501B996ED200A06171 /* Build configuration list for PBXProject "Breakout" */;
			compatibilityVersion = "Xcode 3.2";
			developmentRegion = English;
			hasScannedForEncodings = 0;
			knownRegions = (
				en,
				Base,
			);
			mainGroup = E43C5D4C1B996ED200A06171;
			productRefGroup = E43C5D561B996ED200A06171 /* Products */;
			projectDirPath = "";
			projectRoot = "";
			targets = (
				E43C5D541B996ED200A06171 /* Breakout */,
				E43C5D691B996ED200A06171 /* BreakoutTests */,
			);
		};
/* End PBXProject section */

/* Begin PBXResourcesBuildPhase section */
		E43C5D531B996ED200A06171 /* Resources */ = {
			isa = PBXResourcesBuildPhase;
			buildActionMask = 2147483647;
			files = (
				E43C5D601B996ED200A06171 /* Main.storyboard in Resources */,
				E43C5D651B996ED200A06171 /* LaunchScreen.xib in Resources */,
				E43C5D621B996ED200A06171 /* Images.xcassets in Resources */,
			);
			runOnlyForDeploymentPostprocessing = 0;
		};
		E43C5D681B996ED200A06171 /* Resources */ = {
			isa = PBXResourcesBuildPhase;
			buildActionMask = 2147483647;
			files = (
			);
			runOnlyForDeploymentPostprocessing = 0;
		};
/* End PBXResourcesBuildPhase section */

/* Begin PBXSourcesBuildPhase section */
		E43C5D511B996ED200A06171 /* Sources */ = {
			isa = PBXSourcesBuildPhase;
			buildActionMask = 2147483647;
			files = (
				E43C5D8C1B999C8300A06171 /* Levels.swift in Sources */,
				E43C5D8A1B99849100A06171 /* BreakoutBehavior.swift in Sources */,
				E43C5D871B9983E400A06171 /* BrickView.swift in Sources */,
				E43C5D8F1B9A13D800A06171 /* SettingsTableViewController.swift in Sources */,
				E43C5D7B1B997B1400A06171 /* BreakoutView.swift in Sources */,
				E43C5D5B1B996ED200A06171 /* AppDelegate.swift in Sources */,
				E43C5D861B9983E400A06171 /* BallView.swift in Sources */,
				E43C5D7D1B997E6800A06171 /* BreakoutViewController.swift in Sources */,
				E43C5D7F1B9981B800A06171 /* Extensions.swift in Sources */,
				E43C5D851B9983E400A06171 /* PaddleView.swift in Sources */,
				E43C5D811B9982AC00A06171 /* Settings.swift in Sources */,
			);
			runOnlyForDeploymentPostprocessing = 0;
		};
		E43C5D661B996ED200A06171 /* Sources */ = {
			isa = PBXSourcesBuildPhase;
			buildActionMask = 2147483647;
			files = (
				E43C5D711B996ED200A06171 /* BreakoutTests.swift in Sources */,
			);
			runOnlyForDeploymentPostprocessing = 0;
		};
/* End PBXSourcesBuildPhase section */

/* Begin PBXTargetDependency section */
		E43C5D6C1B996ED200A06171 /* PBXTargetDependency */ = {
			isa = PBXTargetDependency;
			target = E43C5D541B996ED200A06171 /* Breakout */;
			targetProxy = E43C5D6B1B996ED200A06171 /* PBXContainerItemProxy */;
		};
/* End PBXTargetDependency section */

/* Begin PBXVariantGroup section */
		E43C5D5E1B996ED200A06171 /* Main.storyboard */ = {
			isa = PBXVariantGroup;
			children = (
				E43C5D5F1B996ED200A06171 /* Base */,
			);
			name = Main.storyboard;
			sourceTree = "<group>";
		};
		E43C5D631B996ED200A06171 /* LaunchScreen.xib */ = {
			isa = PBXVariantGroup;
			children = (
				E43C5D641B996ED200A06171 /* Base */,
			);
			name = LaunchScreen.xib;
			sourceTree = "<group>";
		};
/* End PBXVariantGroup section */

/* Begin XCBuildConfiguration section */
		E43C5D721B996ED200A06171 /* Debug */ = {
			isa = XCBuildConfiguration;
			buildSettings = {
				ALWAYS_SEARCH_USER_PATHS = NO;
				CLANG_CXX_LANGUAGE_STANDARD = "gnu++0x";
				CLANG_CXX_LIBRARY = "libc++";
				CLANG_ENABLE_MODULES = YES;
				CLANG_ENABLE_OBJC_ARC = YES;
				CLANG_WARN_BOOL_CONVERSION = YES;
				CLANG_WARN_CONSTANT_CONVERSION = YES;
				CLANG_WARN_DIRECT_OBJC_ISA_USAGE = YES_ERROR;
				CLANG_WARN_EMPTY_BODY = YES;
				CLANG_WARN_ENUM_CONVERSION = YES;
				CLANG_WARN_INT_CONVERSION = YES;
				CLANG_WARN_OBJC_ROOT_CLASS = YES_ERROR;
				CLANG_WARN_UNREACHABLE_CODE = YES;
				CLANG_WARN__DUPLICATE_METHOD_MATCH = YES;
				"CODE_SIGN_IDENTITY[sdk=iphoneos*]" = "iPhone Developer";
				COPY_PHASE_STRIP = NO;
				DEBUG_INFORMATION_FORMAT = "dwarf-with-dsym";
				ENABLE_STRICT_OBJC_MSGSEND = YES;
				GCC_C_LANGUAGE_STANDARD = gnu99;
				GCC_DYNAMIC_NO_PIC = NO;
				GCC_NO_COMMON_BLOCKS = YES;
				GCC_OPTIMIZATION_LEVEL = 0;
				GCC_PREPROCESSOR_DEFINITIONS = (
					"DEBUG=1",
					"$(inherited)",
				);
				GCC_SYMBOLS_PRIVATE_EXTERN = NO;
				GCC_WARN_64_TO_32_BIT_CONVERSION = YES;
				GCC_WARN_ABOUT_RETURN_TYPE = YES_ERROR;
				GCC_WARN_UNDECLARED_SELECTOR = YES;
				GCC_WARN_UNINITIALIZED_AUTOS = YES_AGGRESSIVE;
				GCC_WARN_UNUSED_FUNCTION = YES;
				GCC_WARN_UNUSED_VARIABLE = YES;
				IPHONEOS_DEPLOYMENT_TARGET = 8.4;
				MTL_ENABLE_DEBUG_INFO = YES;
				ONLY_ACTIVE_ARCH = YES;
				SDKROOT = iphoneos;
				SWIFT_OPTIMIZATION_LEVEL = "-Onone";
				TARGETED_DEVICE_FAMILY = "1,2";
			};
			name = Debug;
		};
		E43C5D731B996ED200A06171 /* Release */ = {
			isa = XCBuildConfiguration;
			buildSettings = {
				ALWAYS_SEARCH_USER_PATHS = NO;
				CLANG_CXX_LANGUAGE_STANDARD = "gnu++0x";
				CLANG_CXX_LIBRARY = "libc++";
				CLANG_ENABLE_MODULES = YES;
				CLANG_ENABLE_OBJC_ARC = YES;
				CLANG_WARN_BOOL_CONVERSION = YES;
				CLANG_WARN_CONSTANT_CONVERSION = YES;
				CLANG_WARN_DIRECT_OBJC_ISA_USAGE = YES_ERROR;
				CLANG_WARN_EMPTY_BODY = YES;
				CLANG_WARN_ENUM_CONVERSION = YES;
				CLANG_WARN_INT_CONVERSION = YES;
				CLANG_WARN_OBJC_ROOT_CLASS = YES_ERROR;
				CLANG_WARN_UNREACHABLE_CODE = YES;
				CLANG_WARN__DUPLICATE_METHOD_MATCH = YES;
				"CODE_SIGN_IDENTITY[sdk=iphoneos*]" = "iPhone Developer";
				COPY_PHASE_STRIP = NO;
				DEBUG_INFORMATION_FORMAT = "dwarf-with-dsym";
				ENABLE_NS_ASSERTIONS = NO;
				ENABLE_STRICT_OBJC_MSGSEND = YES;
				GCC_C_LANGUAGE_STANDARD = gnu99;
				GCC_NO_COMMON_BLOCKS = YES;
				GCC_WARN_64_TO_32_BIT_CONVERSION = YES;
				GCC_WARN_ABOUT_RETURN_TYPE = YES_ERROR;
				GCC_WARN_UNDECLARED_SELECTOR = YES;
				GCC_WARN_UNINITIALIZED_AUTOS = YES_AGGRESSIVE;
				GCC_WARN_UNUSED_FUNCTION = YES;
				GCC_WARN_UNUSED_VARIABLE = YES;
				IPHONEOS_DEPLOYMENT_TARGET = 8.4;
				MTL_ENABLE_DEBUG_INFO = NO;
				SDKROOT = iphoneos;
				TARGETED_DEVICE_FAMILY = "1,2";
				VALIDATE_PRODUCT = YES;
			};
			name = Release;
		};
		E43C5D751B996ED200A06171 /* Debug */ = {
			isa = XCBuildConfiguration;
			buildSettings = {
				ASSETCATALOG_COMPILER_APPICON_NAME = AppIcon;
				INFOPLIST_FILE = Breakout/Info.plist;
				LD_RUNPATH_SEARCH_PATHS = "$(inherited) @executable_path/Frameworks";
				PRODUCT_NAME = "$(TARGET_NAME)";
			};
			name = Debug;
		};
		E43C5D761B996ED200A06171 /* Release */ = {
			isa = XCBuildConfiguration;
			buildSettings = {
				ASSETCATALOG_COMPILER_APPICON_NAME = AppIcon;
				INFOPLIST_FILE = Breakout/Info.plist;
				LD_RUNPATH_SEARCH_PATHS = "$(inherited) @executable_path/Frameworks";
				PRODUCT_NAME = "$(TARGET_NAME)";
			};
			name = Release;
		};
		E43C5D781B996ED200A06171 /* Debug */ = {
			isa = XCBuildConfiguration;
			buildSettings = {
				BUNDLE_LOADER = "$(TEST_HOST)";
				FRAMEWORK_SEARCH_PATHS = (
					"$(SDKROOT)/Developer/Library/Frameworks",
					"$(inherited)",
				);
				GCC_PREPROCESSOR_DEFINITIONS = (
					"DEBUG=1",
					"$(inherited)",
				);
				INFOPLIST_FILE = BreakoutTests/Info.plist;
				LD_RUNPATH_SEARCH_PATHS = "$(inherited) @executable_path/Frameworks @loader_path/Frameworks";
				PRODUCT_NAME = "$(TARGET_NAME)";
				TEST_HOST = "$(BUILT_PRODUCTS_DIR)/Breakout.app/Breakout";
			};
			name = Debug;
		};
		E43C5D791B996ED200A06171 /* Release */ = {
			isa = XCBuildConfiguration;
			buildSettings = {
				BUNDLE_LOADER = "$(TEST_HOST)";
				FRAMEWORK_SEARCH_PATHS = (
					"$(SDKROOT)/Developer/Library/Frameworks",
					"$(inherited)",
				);
				INFOPLIST_FILE = BreakoutTests/Info.plist;
				LD_RUNPATH_SEARCH_PATHS = "$(inherited) @executable_path/Frameworks @loader_path/Frameworks";
				PRODUCT_NAME = "$(TARGET_NAME)";
				TEST_HOST = "$(BUILT_PRODUCTS_DIR)/Breakout.app/Breakout";
			};
			name = Release;
		};
/* End XCBuildConfiguration section */

/* Begin XCConfigurationList section */
		E43C5D501B996ED200A06171 /* Build configuration list for PBXProject "Breakout" */ = {
			isa = XCConfigurationList;
			buildConfigurations = (
				E43C5D721B996ED200A06171 /* Debug */,
				E43C5D731B996ED200A06171 /* Release */,
			);
			defaultConfigurationIsVisible = 0;
			defaultConfigurationName = Release;
		};
		E43C5D741B996ED200A06171 /* Build configuration list for PBXNativeTarget "Breakout" */ = {
			isa = XCConfigurationList;
			buildConfigurations = (
				E43C5D751B996ED200A06171 /* Debug */,
				E43C5D761B996ED200A06171 /* Release */,
			);
			defaultConfigurationIsVisible = 0;
			defaultConfigurationName = Release;
		};
		E43C5D771B996ED200A06171 /* Build configuration list for PBXNativeTarget "BreakoutTests" */ = {
			isa = XCConfigurationList;
			buildConfigurations = (
				E43C5D781B996ED200A06171 /* Debug */,
				E43C5D791B996ED200A06171 /* Release */,
			);
			defaultConfigurationIsVisible = 0;
			defaultConfigurationName = Release;
		};
/* End XCConfigurationList section */
	};
	rootObject = E43C5D4D1B996ED200A06171 /* Project object */;
}
